
Microsoft Visual Studio Solution File, Format Version 12.00
# Visual Studio Version 17
VisualStudioVersion = 17.7.34003.232
MinimumVisualStudioVersion = 10.0.40219.1
Project("{FAE04EC0-301F-11D3-BF4B-00C04F79EFBC}") = "LibraryApp", "LibraryApp\LibraryApp.csproj", "{CD1E80A3-D86A-4C10-9207-1E1C26560723}"
EndProject
Global
	GlobalSection(SolutionConfigurationPlatforms) = preSolution
		Debug|Any CPU = Debug|Any CPU
		Release|Any CPU = Release|Any CPU
	EndGlobalSection
	GlobalSection(ProjectConfigurationPlatforms) = postSolution
		{CD1E80A3-D86A-4C10-9207-1E1C26560723}.Debug|Any CPU.ActiveCfg = Debug|Any CPU
		{CD1E80A3-D86A-4C10-9207-1E1C26560723}.Debug|Any CPU.Build.0 = Debug|Any CPU
		{CD1E80A3-D86A-4C10-9207-1E1C26560723}.Release|Any CPU.ActiveCfg = Release|Any CPU
		{CD1E80A3-D86A-4C10-9207-1E1C26560723}.Release|Any CPU.Build.0 = Release|Any CPU
	EndGlobalSection
	GlobalSection(SolutionProperties) = preSolution
		HideSolutionNode = FALSE
	EndGlobalSection
	GlobalSection(ExtensibilityGlobals) = postSolution
		SolutionGuid = {A64A10BB-0F84-43AB-BADC-C99043A298EB}
	EndGlobalSection
EndGlobal
